<?xml version="1.0" encoding="utf-8"?>
<Project ToolsVersion="4.0" xmlns="http://schemas.microsoft.com/developer/msbuild/2003">
  <ItemGroup>
    <Filter Include="소스 파일">
      <UniqueIdentifier>{4FC737F1-C7A5-4376-A066-2A32D752A2FF}</UniqueIdentifier>
      <Extensions>cpp;c;cc;cxx;def;odl;idl;hpj;bat;asm;asmx</Extensions>
    </Filter>
    <Filter Include="헤더 파일">
      <UniqueIdentifier>{93995380-89BD-4b04-88EB-625FBE52EBFB}</UniqueIdentifier>
      <Extensions>h;hh;hpp;hxx;hm;inl;inc;ipp;xsd</Extensions>
    </Filter>
    <Filter Include="리소스 파일">
      <UniqueIdentifier>{67DA6AB6-F800-4c08-8B7A-83BB121AAD01}</UniqueIdentifier>
      <Extensions>rc;ico;cur;bmp;dlg;rc2;rct;bin;rgs;gif;jpg;jpeg;jpe;resx;tiff;tif;png;wav;mfcribbon-ms</Extensions>
    </Filter>
    <Filter Include="헤더 파일\FlightGame">
      <UniqueIdentifier>{83b07dbc-422e-4022-8024-e3483cfeba0b}</UniqueIdentifier>
    </Filter>
    <Filter Include="헤더 파일\PaperGame">
      <UniqueIdentifier>{f946f835-c6bf-4ab5-94f2-29ff64ecf42c}</UniqueIdentifier>
    </Filter>
    <Filter Include="소스 파일\FlightGame">
      <UniqueIdentifier>{3020f318-0fae-4a4f-b46c-419d67bf7d0d}</UniqueIdentifier>
    </Filter>
    <Filter Include="소스 파일\PaperGame">
      <UniqueIdentifier>{e4797424-846e-4bd5-9f97-4146c5c2a48c}</UniqueIdentifier>
    </Filter>
    <Filter Include="헤더 파일\Set">
      <UniqueIdentifier>{96527136-07a8-4e8b-92cc-7a6acb110f6a}</UniqueIdentifier>
    </Filter>
    <Filter Include="소스 파일\Set">
      <UniqueIdentifier>{5418eaf0-477b-4444-bc5b-df7644496a28}</UniqueIdentifier>
    </Filter>
  </ItemGroup>
  <ItemGroup>
    <ClInclude Include="Bullet.h">
      <Filter>헤더 파일\FlightGame</Filter>
    </ClInclude>
    <ClInclude Include="Star.h">
      <Filter>헤더 파일\FlightGame</Filter>
    </ClInclude>
    <ClInclude Include="PaperGameScene.h">
      <Filter>헤더 파일\PaperGame</Filter>
    </ClInclude>
    <ClInclude Include="defines.h">
      <Filter>헤더 파일\Set</Filter>
    </ClInclude>
    <ClInclude Include="NameScene.h">
      <Filter>헤더 파일\Set</Filter>
    </ClInclude>
    <ClInclude Include="TitleScene.h">
      <Filter>헤더 파일\Set</Filter>
    </ClInclude>
    <ClInclude Include="Data.h">
      <Filter>헤더 파일\Set</Filter>
    </ClInclude>
    <ClInclude Include="SelectScene.h">
      <Filter>헤더 파일\Set</Filter>
    </ClInclude>
    <ClInclude Include="LoadingScene.h">
      <Filter>헤더 파일\Set</Filter>
    </ClInclude>
    <ClInclude Include="FlightGameScene.h">
      <Filter>헤더 파일\FlightGame</Filter>
    </ClInclude>
  </ItemGroup>
  <ItemGroup>
    <ClCompile Include="Main.cpp">
      <Filter>소스 파일</Filter>
    </ClCompile>
    <ClCompile Include="PaperGameScene.cpp">
      <Filter>소스 파일\PaperGame</Filter>
    </ClCompile>
    <ClCompile Include="NameScene.cpp">
      <Filter>소스 파일\Set</Filter>
    </ClCompile>
    <ClCompile Include="TitleScene.cpp">
      <Filter>소스 파일\Set</Filter>
    </ClCompile>
    <ClCompile Include="Data.cpp">
      <Filter>소스 파일\Set</Filter>
    </ClCompile>
    <ClCompile Include="LoadingScene.cpp">
      <Filter>소스 파일\Set</Filter>
    </ClCompile>
    <ClCompile Include="SelectScene.cpp">
      <Filter>소스 파일\Set</Filter>
    </ClCompile>
    <ClCompile Include="FlightGameScene.cpp">
      <Filter>소스 파일\FlightGame</Filter>
    </ClCompile>
  </ItemGroup>
  <ItemGroup>
    <ResourceCompile Include="ModuGame.rc">
      <Filter>리소스 파일</Filter>
    </ResourceCompile>
  </ItemGroup>
</Project>